{
  "version": 4,
  "terraform_version": "1.11.0",
  "serial": 71,
  "lineage": "cc57af1b-272c-68fd-63f3-a90f487a5f00",
  "outputs": {
    "api_gateway_invoke_url": {
      "value": "https://ut0ddnbzcf.execute-api.localhost.localstack.cloud:4566/dev/example",
      "type": "string"
    }
  },
  "resources": [
    {
      "mode": "data",
      "type": "archive_file",
      "name": "employee_lambda",
      "provider": "provider[\"registry.terraform.io/hashicorp/archive\"]",
      "instances": [
        {
          "schema_version": 0,
          "attributes": {
            "exclude_symlink_directories": null,
            "excludes": null,
            "id": "3fa3809a63b63ebee714acf07440dec98f8c7647",
            "output_base64sha256": "j1W7OVQWOUYPakEFN0j7cDLCPIXnQB9xZRKsg3YG9K8=",
            "output_base64sha512": "f9iPy/VDnm3FqpVTUypsceA3NmeKuJ6zxuo4RNzPsuKksM8bWynynFrLp3zrcXiL0FL3joMsEjGwRLuQgSfMHw==",
            "output_file_mode": null,
            "output_md5": "1c445dd8c390b7d014aaa9e40820f757",
            "output_path": "employee.zip",
            "output_sha": "3fa3809a63b63ebee714acf07440dec98f8c7647",
            "output_sha256": "8f55bb39541639460f6a41053748fb7032c23c85e7401f716512ac837606f4af",
            "output_sha512": "7fd88fcbf5439e6dc5aa9553532a6c71e03736678ab89eb3c6ea3844dccfb2e2a4b0cf1b5b29f29c5acba77ceb71788bd052f78e832c1231b044bb908127cc1f",
            "output_size": 254,
            "source": [],
            "source_content": null,
            "source_content_filename": null,
            "source_dir": "./lambda/employee",
            "source_file": null,
            "type": "zip"
          },
          "sensitive_attributes": []
        }
      ]
    },
    {
      "mode": "managed",
      "type": "aws_api_gateway_deployment",
      "name": "example",
      "provider": "provider[\"registry.terraform.io/hashicorp/aws\"]",
      "instances": [
        {
          "schema_version": 0,
          "attributes": {
            "canary_settings": [],
            "created_date": "2025-02-28T17:55:47Z",
            "description": "",
            "execution_arn": "arn:aws:execute-api:us-east-1::ut0ddnbzcf/dev",
            "id": "ucajivig8d",
            "invoke_url": "https://ut0ddnbzcf.execute-api.us-east-1.amazonaws.com/dev",
            "rest_api_id": "ut0ddnbzcf",
            "stage_description": null,
            "stage_name": "dev",
            "triggers": null,
            "variables": null
          },
          "sensitive_attributes": [],
          "private": "bnVsbA==",
          "dependencies": [
            "aws_api_gateway_integration.example",
            "aws_api_gateway_method.example",
            "aws_api_gateway_resource.example",
            "aws_api_gateway_rest_api.example",
            "aws_iam_role.lambda_exec",
            "aws_lambda_function.example",
            "data.archive_file.employee_lambda"
          ]
        }
      ]
    },
    {
      "mode": "managed",
      "type": "aws_api_gateway_integration",
      "name": "example",
      "provider": "provider[\"registry.terraform.io/hashicorp/aws\"]",
      "instances": [
        {
          "schema_version": 0,
          "attributes": {
            "cache_key_parameters": [
              "method.request.path.param"
            ],
            "cache_namespace": "8lwa6ngqxw",
            "connection_id": "",
            "connection_type": "INTERNET",
            "content_handling": "",
            "credentials": "",
            "http_method": "GET",
            "id": "agi-ut0ddnbzcf-8lwa6ngqxw-GET",
            "integration_http_method": "POST",
            "passthrough_behavior": "WHEN_NO_MATCH",
            "request_parameters": null,
            "request_templates": null,
            "resource_id": "8lwa6ngqxw",
            "rest_api_id": "ut0ddnbzcf",
            "timeout_milliseconds": 29000,
            "tls_config": [],
            "type": "AWS_PROXY",
            "uri": "arn:aws:apigateway:us-east-1:lambda:path/2015-03-31/functions/arn:aws:lambda:us-east-1:000000000000:function:example_lambda/invocations"
          },
          "sensitive_attributes": [],
          "private": "bnVsbA==",
          "dependencies": [
            "aws_api_gateway_method.example",
            "aws_api_gateway_resource.example",
            "aws_api_gateway_rest_api.example",
            "aws_iam_role.lambda_exec",
            "aws_lambda_function.example",
            "data.archive_file.employee_lambda"
          ]
        }
      ]
    },
    {
      "mode": "managed",
      "type": "aws_api_gateway_method",
      "name": "example",
      "provider": "provider[\"registry.terraform.io/hashicorp/aws\"]",
      "instances": [
        {
          "schema_version": 0,
          "attributes": {
            "api_key_required": false,
            "authorization": "NONE",
            "authorization_scopes": null,
            "authorizer_id": null,
            "http_method": "GET",
            "id": "agm-ut0ddnbzcf-8lwa6ngqxw-GET",
            "operation_name": null,
            "request_models": null,
            "request_parameters": null,
            "request_validator_id": null,
            "resource_id": "8lwa6ngqxw",
            "rest_api_id": "ut0ddnbzcf"
          },
          "sensitive_attributes": [],
          "private": "bnVsbA==",
          "dependencies": [
            "aws_api_gateway_resource.example",
            "aws_api_gateway_rest_api.example"
          ]
        }
      ]
    },
    {
      "mode": "managed",
      "type": "aws_api_gateway_resource",
      "name": "example",
      "provider": "provider[\"registry.terraform.io/hashicorp/aws\"]",
      "instances": [
        {
          "schema_version": 0,
          "attributes": {
            "id": "8lwa6ngqxw",
            "parent_id": "nqnbz5kfpp",
            "path": "/example",
            "path_part": "example",
            "rest_api_id": "ut0ddnbzcf"
          },
          "sensitive_attributes": [],
          "private": "bnVsbA==",
          "dependencies": [
            "aws_api_gateway_rest_api.example"
          ]
        }
      ]
    },
    {
      "mode": "managed",
      "type": "aws_api_gateway_rest_api",
      "name": "example",
      "provider": "provider[\"registry.terraform.io/hashicorp/aws\"]",
      "instances": [
        {
          "schema_version": 0,
          "attributes": {
            "api_key_source": "HEADER",
            "arn": "arn:aws:apigateway:us-east-1::/restapis/ut0ddnbzcf",
            "binary_media_types": [],
            "body": null,
            "created_date": "2025-02-28T17:55:41Z",
            "description": "Example API",
            "disable_execute_api_endpoint": false,
            "endpoint_configuration": [
              {
                "types": [
                  "EDGE"
                ],
                "vpc_endpoint_ids": []
              }
            ],
            "execution_arn": "arn:aws:execute-api:us-east-1::ut0ddnbzcf",
            "fail_on_warnings": null,
            "id": "ut0ddnbzcf",
            "minimum_compression_size": "",
            "name": "example_api",
            "parameters": null,
            "policy": "",
            "put_rest_api_mode": null,
            "root_resource_id": "nqnbz5kfpp",
            "tags": null,
            "tags_all": {}
          },
          "sensitive_attributes": [],
          "private": "bnVsbA=="
        }
      ]
    },
    {
      "mode": "managed",
      "type": "aws_iam_role",
      "name": "lambda_exec",
      "provider": "provider[\"registry.terraform.io/hashicorp/aws\"]",
      "instances": [
        {
          "schema_version": 0,
          "attributes": {
            "arn": "arn:aws:iam::000000000000:role/lambda_exec_role",
            "assume_role_policy": "{\"Statement\":[{\"Action\":\"sts:AssumeRole\",\"Effect\":\"Allow\",\"Principal\":{\"Service\":\"lambda.amazonaws.com\"}}],\"Version\":\"2012-10-17\"}",
            "create_date": "2025-02-28T17:55:41Z",
            "description": "",
            "force_detach_policies": false,
            "id": "lambda_exec_role",
            "inline_policy": [],
            "managed_policy_arns": [],
            "max_session_duration": 3600,
            "name": "lambda_exec_role",
            "name_prefix": "",
            "path": "/",
            "permissions_boundary": "",
            "tags": null,
            "tags_all": {},
            "unique_id": "AROAQAAAAAAAI5R7AMPMC"
          },
          "sensitive_attributes": [],
          "private": "bnVsbA=="
        }
      ]
    },
    {
      "mode": "managed",
      "type": "aws_lambda_function",
      "name": "example",
      "provider": "provider[\"registry.terraform.io/hashicorp/aws\"]",
      "instances": [
        {
          "schema_version": 0,
          "attributes": {
            "architectures": [
              "x86_64"
            ],
            "arn": "arn:aws:lambda:us-east-1:000000000000:function:example_lambda",
            "code_sha256": "j1W7OVQWOUYPakEFN0j7cDLCPIXnQB9xZRKsg3YG9K8=",
            "code_signing_config_arn": "",
            "dead_letter_config": [],
            "description": "",
            "environment": [
              {
                "variables": {
                  "greeting": "Hello"
                }
              }
            ],
            "ephemeral_storage": [
              {
                "size": 512
              }
            ],
            "file_system_config": [],
            "filename": "employee.zip",
            "function_name": "example_lambda",
            "handler": "app.lambda_handler",
            "id": "example_lambda",
            "image_config": [],
            "image_uri": "",
            "invoke_arn": "arn:aws:apigateway:us-east-1:lambda:path/2015-03-31/functions/arn:aws:lambda:us-east-1:000000000000:function:example_lambda/invocations",
            "kms_key_arn": "",
            "last_modified": "2025-02-28T17:55:41.926620+0000",
            "layers": null,
            "logging_config": [
              {
                "application_log_level": "",
                "log_format": "Text",
                "log_group": "/aws/lambda/example_lambda",
                "system_log_level": ""
              }
            ],
            "memory_size": 128,
            "package_type": "Zip",
            "publish": false,
            "qualified_arn": "arn:aws:lambda:us-east-1:000000000000:function:example_lambda:$LATEST",
            "qualified_invoke_arn": "arn:aws:apigateway:us-east-1:lambda:path/2015-03-31/functions/arn:aws:lambda:us-east-1:000000000000:function:example_lambda:$LATEST/invocations",
            "replace_security_groups_on_destroy": null,
            "replacement_security_group_ids": null,
            "reserved_concurrent_executions": -1,
            "role": "arn:aws:iam::000000000000:role/lambda_exec_role",
            "runtime": "python3.8",
            "s3_bucket": null,
            "s3_key": null,
            "s3_object_version": null,
            "signing_job_arn": "",
            "signing_profile_version_arn": "",
            "skip_destroy": false,
            "snap_start": [],
            "source_code_hash": "j1W7OVQWOUYPakEFN0j7cDLCPIXnQB9xZRKsg3YG9K8=",
            "source_code_size": 254,
            "tags": null,
            "tags_all": {},
            "timeout": 3,
            "timeouts": null,
            "tracing_config": [
              {
                "mode": "PassThrough"
              }
            ],
            "version": "$LATEST",
            "vpc_config": []
          },
          "sensitive_attributes": [],
          "private": "eyJlMmJmYjczMC1lY2FhLTExZTYtOGY4OC0zNDM2M2JjN2M0YzAiOnsiY3JlYXRlIjo2MDAwMDAwMDAwMDAsImRlbGV0ZSI6NjAwMDAwMDAwMDAwLCJ1cGRhdGUiOjYwMDAwMDAwMDAwMH19",
          "dependencies": [
            "aws_iam_role.lambda_exec",
            "data.archive_file.employee_lambda"
          ]
        }
      ]
    },
    {
      "mode": "managed",
      "type": "aws_lambda_permission",
      "name": "example",
      "provider": "provider[\"registry.terraform.io/hashicorp/aws\"]",
      "instances": [
        {
          "schema_version": 0,
          "attributes": {
            "action": "lambda:InvokeFunction",
            "event_source_token": null,
            "function_name": "example_lambda",
            "function_url_auth_type": null,
            "id": "AllowExecutionFromAPIGateway",
            "principal": "apigateway.amazonaws.com",
            "principal_org_id": null,
            "qualifier": "",
            "source_account": null,
            "source_arn": "arn:aws:execute-api:us-east-1:000000000000:ut0ddnbzcf/*/GET/example",
            "statement_id": "AllowExecutionFromAPIGateway",
            "statement_id_prefix": ""
          },
          "sensitive_attributes": [],
          "private": "bnVsbA==",
          "dependencies": [
            "aws_api_gateway_method.example",
            "aws_api_gateway_resource.example",
            "aws_api_gateway_rest_api.example",
            "aws_iam_role.lambda_exec",
            "aws_lambda_function.example",
            "data.archive_file.employee_lambda"
          ]
        }
      ]
    }
  ],
  "check_results": null
}
